{
  "name": "@evolv/web-analytics",
  "version": "1.0.0",
  "lockfileVersion": 1,
  "requires": true,
  "dependencies": {
    "@evolv/javascript-sdk": {
      "version": "github:evolv-ai/javascript-sdk#9c70c0baa66d5303a1bc9b137f7e7d04241967b2",
      "from": "github:evolv-ai/javascript-sdk#temp",
      "dev": true
    }
  }
}
